
Microsoft Visual Studio Solution File, Format Version 12.00
# Visual Studio Version 17
VisualStudioVersion = 17.4.33213.308
MinimumVisualStudioVersion = 10.0.40219.1
Project("{FAE04EC0-301F-11D3-BF4B-00C04F79EFBC}") = "ProjectPong", "ProjectPong\ProjectPong.csproj", "{AFA75C05-E66F-4640-835C-3721A0148BDF}"
EndProject
Global
	GlobalSection(SolutionConfigurationPlatforms) = preSolution
		Debug|Any CPU = Debug|Any CPU
		Release|Any CPU = Release|Any CPU
	EndGlobalSection
	GlobalSection(ProjectConfigurationPlatforms) = postSolution
		{AFA75C05-E66F-4640-835C-3721A0148BDF}.Debug|Any CPU.ActiveCfg = Debug|Any CPU
		{AFA75C05-E66F-4640-835C-3721A0148BDF}.Debug|Any CPU.Build.0 = Debug|Any CPU
		{AFA75C05-E66F-4640-835C-3721A0148BDF}.Release|Any CPU.ActiveCfg = Release|Any CPU
		{AFA75C05-E66F-4640-835C-3721A0148BDF}.Release|Any CPU.Build.0 = Release|Any CPU
	EndGlobalSection
	GlobalSection(SolutionProperties) = preSolution
		HideSolutionNode = FALSE
	EndGlobalSection
	GlobalSection(ExtensibilityGlobals) = postSolution
		SolutionGuid = {F477471C-EA0A-4B7C-8AC6-F47E31A618D1}
	EndGlobalSection
EndGlobal
